// !$*UTF8*$!
{
	archiveVersion = 1;
	classes = {
	};
	objectVersion = 50;
	objects = {

/* Begin PBXBuildFile section */
		2950D81A23D049F7007A29EC /* ChatRoomsVC.swift in Sources */ = {isa = PBXBuildFile; fileRef = 2950D81923D049F7007A29EC /* ChatRoomsVC.swift */; };
		2950D81D23D04BFC007A29EC /* Reload.swift in Sources */ = {isa = PBXBuildFile; fileRef = 2950D81C23D04BFC007A29EC /* Reload.swift */; };
		2950D82223D05788007A29EC /* Room.swift in Sources */ = {isa = PBXBuildFile; fileRef = 2950D82123D05788007A29EC /* Room.swift */; };
		2950D82423D06081007A29EC /* ChatVC.swift in Sources */ = {isa = PBXBuildFile; fileRef = 2950D82323D06081007A29EC /* ChatVC.swift */; };
		2950D82623D09E4E007A29EC /* ChatTableViewCell.swift in Sources */ = {isa = PBXBuildFile; fileRef = 2950D82523D09E4E007A29EC /* ChatTableViewCell.swift */; };
		2950D82A23D0A2AB007A29EC /* Message.swift in Sources */ = {isa = PBXBuildFile; fileRef = 2950D82923D0A2AB007A29EC /* Message.swift */; };
		2952EDC223CD955D00B91595 /* AppDelegate.swift in Sources */ = {isa = PBXBuildFile; fileRef = 2952EDC123CD955D00B91595 /* AppDelegate.swift */; };
		2952EDC723CD955D00B91595 /* Main.storyboard in Resources */ = {isa = PBXBuildFile; fileRef = 2952EDC523CD955D00B91595 /* Main.storyboard */; };
		2952EDC923CD955E00B91595 /* Assets.xcassets in Resources */ = {isa = PBXBuildFile; fileRef = 2952EDC823CD955E00B91595 /* Assets.xcassets */; };
		2952EDCC23CD955E00B91595 /* LaunchScreen.storyboard in Resources */ = {isa = PBXBuildFile; fileRef = 2952EDCA23CD955E00B91595 /* LaunchScreen.storyboard */; };
		2952EDD423CD976A00B91595 /* SignUpVC.swift in Sources */ = {isa = PBXBuildFile; fileRef = 2952EDD323CD976A00B91595 /* SignUpVC.swift */; };
		2952EDD723CD985C00B91595 /* LoginVC.swift in Sources */ = {isa = PBXBuildFile; fileRef = 2952EDD623CD985C00B91595 /* LoginVC.swift */; };
		2960876323CE9985004BAE6C /* Intro.mp4 in Resources */ = {isa = PBXBuildFile; fileRef = 2960876223CE96CB004BAE6C /* Intro.mp4 */; };
		2960876523CEA6FD004BAE6C /* GoogleService-Info.plist in Resources */ = {isa = PBXBuildFile; fileRef = 2960876423CEA6FD004BAE6C /* GoogleService-Info.plist */; };
		2960876C23CEC393004BAE6C /* NavBar.swift in Sources */ = {isa = PBXBuildFile; fileRef = 2960876B23CEC393004BAE6C /* NavBar.swift */; };
		555114BCEE30E3B91D46E750 /* Pods_EasyChat.framework in Frameworks */ = {isa = PBXBuildFile; fileRef = BCA946F0943B475F9B8E785B /* Pods_EasyChat.framework */; };
/* End PBXBuildFile section */

/* Begin PBXFileReference section */
		2950D81923D049F7007A29EC /* ChatRoomsVC.swift */ = {isa = PBXFileReference; lastKnownFileType = sourcecode.swift; path = ChatRoomsVC.swift; sourceTree = "<group>"; };
		2950D81C23D04BFC007A29EC /* Reload.swift */ = {isa = PBXFileReference; lastKnownFileType = sourcecode.swift; path = Reload.swift; sourceTree = "<group>"; };
		2950D82123D05788007A29EC /* Room.swift */ = {isa = PBXFileReference; lastKnownFileType = sourcecode.swift; path = Room.swift; sourceTree = "<group>"; };
		2950D82323D06081007A29EC /* ChatVC.swift */ = {isa = PBXFileReference; lastKnownFileType = sourcecode.swift; path = ChatVC.swift; sourceTree = "<group>"; };
		2950D82523D09E4E007A29EC /* ChatTableViewCell.swift */ = {isa = PBXFileReference; lastKnownFileType = sourcecode.swift; path = ChatTableViewCell.swift; sourceTree = "<group>"; };
		2950D82923D0A2AB007A29EC /* Message.swift */ = {isa = PBXFileReference; lastKnownFileType = sourcecode.swift; path = Message.swift; sourceTree = "<group>"; };
		2952EDBE23CD955D00B91595 /* EasyChat.app */ = {isa = PBXFileReference; explicitFileType = wrapper.application; includeInIndex = 0; path = EasyChat.app; sourceTree = BUILT_PRODUCTS_DIR; };
		2952EDC123CD955D00B91595 /* AppDelegate.swift */ = {isa = PBXFileReference; lastKnownFileType = sourcecode.swift; path = AppDelegate.swift; sourceTree = "<group>"; };
		2952EDC623CD955D00B91595 /* Base */ = {isa = PBXFileReference; lastKnownFileType = file.storyboard; name = Base; path = Base.lproj/Main.storyboard; sourceTree = "<group>"; };
		2952EDC823CD955E00B91595 /* Assets.xcassets */ = {isa = PBXFileReference; lastKnownFileType = folder.assetcatalog; path = Assets.xcassets; sourceTree = "<group>"; };
		2952EDCB23CD955E00B91595 /* Base */ = {isa = PBXFileReference; lastKnownFileType = file.storyboard; name = Base; path = Base.lproj/LaunchScreen.storyboard; sourceTree = "<group>"; };
		2952EDCD23CD955E00B91595 /* Info.plist */ = {isa = PBXFileReference; lastKnownFileType = text.plist.xml; path = Info.plist; sourceTree = "<group>"; };
		2952EDD323CD976A00B91595 /* SignUpVC.swift */ = {isa = PBXFileReference; lastKnownFileType = sourcecode.swift; path = SignUpVC.swift; sourceTree = "<group>"; };
		2952EDD623CD985C00B91595 /* LoginVC.swift */ = {isa = PBXFileReference; lastKnownFileType = sourcecode.swift; path = LoginVC.swift; sourceTree = "<group>"; };
		2960876223CE96CB004BAE6C /* Intro.mp4 */ = {isa = PBXFileReference; lastKnownFileType = file; path = Intro.mp4; sourceTree = "<group>"; };
		2960876423CEA6FD004BAE6C /* GoogleService-Info.plist */ = {isa = PBXFileReference; fileEncoding = 4; lastKnownFileType = text.plist.xml; path = "GoogleService-Info.plist"; sourceTree = "<group>"; };
		2960876B23CEC393004BAE6C /* NavBar.swift */ = {isa = PBXFileReference; lastKnownFileType = sourcecode.swift; path = NavBar.swift; sourceTree = "<group>"; };
		5C33472FAE0868FC26F9C10D /* Pods-EasyChat.release.xcconfig */ = {isa = PBXFileReference; includeInIndex = 1; lastKnownFileType = text.xcconfig; name = "Pods-EasyChat.release.xcconfig"; path = "Target Support Files/Pods-EasyChat/Pods-EasyChat.release.xcconfig"; sourceTree = "<group>"; };
		5E37296773C81D69B857A958 /* Pods-EasyChat.debug.xcconfig */ = {isa = PBXFileReference; includeInIndex = 1; lastKnownFileType = text.xcconfig; name = "Pods-EasyChat.debug.xcconfig"; path = "Target Support Files/Pods-EasyChat/Pods-EasyChat.debug.xcconfig"; sourceTree = "<group>"; };
		BCA946F0943B475F9B8E785B /* Pods_EasyChat.framework */ = {isa = PBXFileReference; explicitFileType = wrapper.framework; includeInIndex = 0; path = Pods_EasyChat.framework; sourceTree = BUILT_PRODUCTS_DIR; };
/* End PBXFileReference section */

/* Begin PBXFrameworksBuildPhase section */
		2952EDBB23CD955C00B91595 /* Frameworks */ = {
			isa = PBXFrameworksBuildPhase;
			buildActionMask = 2147483647;
			files = (
				555114BCEE30E3B91D46E750 /* Pods_EasyChat.framework in Frameworks */,
			);
			runOnlyForDeploymentPostprocessing = 0;
		};
/* End PBXFrameworksBuildPhase section */

/* Begin PBXGroup section */
		2950D81B23D04BC0007A29EC /* Helper */ = {
			isa = PBXGroup;
			children = (
				2950D81C23D04BFC007A29EC /* Reload.swift */,
			);
			path = Helper;
			sourceTree = "<group>";
		};
		2950D81E23D0572F007A29EC /* C */ = {
			isa = PBXGroup;
			children = (
				2952EDD523CD980700B91595 /* Auths */,
				2960876623CEBADE004BAE6C /* Home */,
			);
			path = C;
			sourceTree = "<group>";
		};
		2950D81F23D0573E007A29EC /* M */ = {
			isa = PBXGroup;
			children = (
				2950D82123D05788007A29EC /* Room.swift */,
				2950D82923D0A2AB007A29EC /* Message.swift */,
			);
			path = M;
			sourceTree = "<group>";
		};
		2950D82023D0574F007A29EC /* V */ = {
			isa = PBXGroup;
			children = (
				2952EDC523CD955D00B91595 /* Main.storyboard */,
				2952EDCA23CD955E00B91595 /* LaunchScreen.storyboard */,
			);
			path = V;
			sourceTree = "<group>";
		};
		2952EDB523CD955C00B91595 = {
			isa = PBXGroup;
			children = (
				2952EDC023CD955D00B91595 /* EasyChat */,
				2952EDBF23CD955D00B91595 /* Products */,
				BDD1ECF059224CF877A2D128 /* Pods */,
				F8AA26E059BAA55A670AACD4 /* Frameworks */,
			);
			sourceTree = "<group>";
		};
		2952EDBF23CD955D00B91595 /* Products */ = {
			isa = PBXGroup;
			children = (
				2952EDBE23CD955D00B91595 /* EasyChat.app */,
			);
			name = Products;
			sourceTree = "<group>";
		};
		2952EDC023CD955D00B91595 /* EasyChat */ = {
			isa = PBXGroup;
			children = (
				2950D81B23D04BC0007A29EC /* Helper */,
				2950D81F23D0573E007A29EC /* M */,
				2950D82023D0574F007A29EC /* V */,
				2950D81E23D0572F007A29EC /* C */,
				2952EDC123CD955D00B91595 /* AppDelegate.swift */,
				2952EDC823CD955E00B91595 /* Assets.xcassets */,
				2952EDCD23CD955E00B91595 /* Info.plist */,
				2960876423CEA6FD004BAE6C /* GoogleService-Info.plist */,
				2960876223CE96CB004BAE6C /* Intro.mp4 */,
			);
			path = EasyChat;
			sourceTree = "<group>";
		};
		2952EDD523CD980700B91595 /* Auths */ = {
			isa = PBXGroup;
			children = (
				2952EDD623CD985C00B91595 /* LoginVC.swift */,
				2952EDD323CD976A00B91595 /* SignUpVC.swift */,
			);
			path = Auths;
			sourceTree = "<group>";
		};
		2960876623CEBADE004BAE6C /* Home */ = {
			isa = PBXGroup;
			children = (
				2960876B23CEC393004BAE6C /* NavBar.swift */,
				2950D81923D049F7007A29EC /* ChatRoomsVC.swift */,
				2950D82323D06081007A29EC /* ChatVC.swift */,
				2950D82523D09E4E007A29EC /* ChatTableViewCell.swift */,
			);
			path = Home;
			sourceTree = "<group>";
		};
		BDD1ECF059224CF877A2D128 /* Pods */ = {
			isa = PBXGroup;
			children = (
				5E37296773C81D69B857A958 /* Pods-EasyChat.debug.xcconfig */,
				5C33472FAE0868FC26F9C10D /* Pods-EasyChat.release.xcconfig */,
			);
			path = Pods;
			sourceTree = "<group>";
		};
		F8AA26E059BAA55A670AACD4 /* Frameworks */ = {
			isa = PBXGroup;
			children = (
				BCA946F0943B475F9B8E785B /* Pods_EasyChat.framework */,
			);
			name = Frameworks;
			sourceTree = "<group>";
		};
/* End PBXGroup section */

/* Begin PBXNativeTarget section */
		2952EDBD23CD955C00B91595 /* EasyChat */ = {
			isa = PBXNativeTarget;
			buildConfigurationList = 2952EDD023CD955E00B91595 /* Build configuration list for PBXNativeTarget "EasyChat" */;
			buildPhases = (
				9C93DC77BC4AB6F041548BB7 /* [CP] Check Pods Manifest.lock */,
				2952EDBA23CD955C00B91595 /* Sources */,
				2952EDBB23CD955C00B91595 /* Frameworks */,
				2952EDBC23CD955C00B91595 /* Resources */,
				30307B20D00FC10B13EF6E16 /* [CP] Embed Pods Frameworks */,
			);
			buildRules = (
			);
			dependencies = (
			);
			name = EasyChat;
			productName = EasyChat;
			productReference = 2952EDBE23CD955D00B91595 /* EasyChat.app */;
			productType = "com.apple.product-type.application";
		};
/* End PBXNativeTarget section */

/* Begin PBXProject section */
		2952EDB623CD955C00B91595 /* Project object */ = {
			isa = PBXProject;
			attributes = {
				LastSwiftUpdateCheck = 1010;
				LastUpgradeCheck = 1010;
				ORGANIZATIONNAME = Amir;
				TargetAttributes = {
					2952EDBD23CD955C00B91595 = {
						CreatedOnToolsVersion = 10.1;
					};
				};
			};
			buildConfigurationList = 2952EDB923CD955C00B91595 /* Build configuration list for PBXProject "EasyChat" */;
			compatibilityVersion = "Xcode 9.3";
			developmentRegion = en;
			hasScannedForEncodings = 0;
			knownRegions = (
				en,
				Base,
			);
			mainGroup = 2952EDB523CD955C00B91595;
			productRefGroup = 2952EDBF23CD955D00B91595 /* Products */;
			projectDirPath = "";
			projectRoot = "";
			targets = (
				2952EDBD23CD955C00B91595 /* EasyChat */,
			);
		};
/* End PBXProject section */

/* Begin PBXResourcesBuildPhase section */
		2952EDBC23CD955C00B91595 /* Resources */ = {
			isa = PBXResourcesBuildPhase;
			buildActionMask = 2147483647;
			files = (
				2952EDCC23CD955E00B91595 /* LaunchScreen.storyboard in Resources */,
				2952EDC923CD955E00B91595 /* Assets.xcassets in Resources */,
				2960876523CEA6FD004BAE6C /* GoogleService-Info.plist in Resources */,
				2952EDC723CD955D00B91595 /* Main.storyboard in Resources */,
				2960876323CE9985004BAE6C /* Intro.mp4 in Resources */,
			);
			runOnlyForDeploymentPostprocessing = 0;
		};
/* End PBXResourcesBuildPhase section */

/* Begin PBXShellScriptBuildPhase section */
		30307B20D00FC10B13EF6E16 /* [CP] Embed Pods Frameworks */ = {
			isa = PBXShellScriptBuildPhase;
			buildActionMask = 2147483647;
			files = (
			);
			inputFileListPaths = (
			);
			inputPaths = (
				"${PODS_ROOT}/Target Support Files/Pods-EasyChat/Pods-EasyChat-frameworks.sh",
				"${BUILT_PRODUCTS_DIR}/GTMSessionFetcher/GTMSessionFetcher.framework",
				"${BUILT_PRODUCTS_DIR}/GoogleUtilities/GoogleUtilities.framework",
				"${BUILT_PRODUCTS_DIR}/leveldb-library/leveldb.framework",
				"${BUILT_PRODUCTS_DIR}/nanopb/nanopb.framework",
			);
			name = "[CP] Embed Pods Frameworks";
			outputFileListPaths = (
			);
			outputPaths = (
				"${TARGET_BUILD_DIR}/${FRAMEWORKS_FOLDER_PATH}/GTMSessionFetcher.framework",
				"${TARGET_BUILD_DIR}/${FRAMEWORKS_FOLDER_PATH}/GoogleUtilities.framework",
				"${TARGET_BUILD_DIR}/${FRAMEWORKS_FOLDER_PATH}/leveldb.framework",
				"${TARGET_BUILD_DIR}/${FRAMEWORKS_FOLDER_PATH}/nanopb.framework",
			);
			runOnlyForDeploymentPostprocessing = 0;
			shellPath = /bin/sh;
			shellScript = "\"${PODS_ROOT}/Target Support Files/Pods-EasyChat/Pods-EasyChat-frameworks.sh\"\n";
			showEnvVarsInLog = 0;
		};
		9C93DC77BC4AB6F041548BB7 /* [CP] Check Pods Manifest.lock */ = {
			isa = PBXShellScriptBuildPhase;
			buildActionMask = 2147483647;
			files = (
			);
			inputFileListPaths = (
			);
			inputPaths = (
				"${PODS_PODFILE_DIR_PATH}/Podfile.lock",
				"${PODS_ROOT}/Manifest.lock",
			);
			name = "[CP] Check Pods Manifest.lock";
			outputFileListPaths = (
			);
			outputPaths = (
				"$(DERIVED_FILE_DIR)/Pods-EasyChat-checkManifestLockResult.txt",
			);
			runOnlyForDeploymentPostprocessing = 0;
			shellPath = /bin/sh;
			shellScript = "diff \"${PODS_PODFILE_DIR_PATH}/Podfile.lock\" \"${PODS_ROOT}/Manifest.lock\" > /dev/null\nif [ $? != 0 ] ; then\n    # print error to STDERR\n    echo \"error: The sandbox is not in sync with the Podfile.lock. Run 'pod install' or update your CocoaPods installation.\" >&2\n    exit 1\nfi\n# This output is used by Xcode 'outputs' to avoid re-running this script phase.\necho \"SUCCESS\" > \"${SCRIPT_OUTPUT_FILE_0}\"\n";
			showEnvVarsInLog = 0;
		};
/* End PBXShellScriptBuildPhase section */

/* Begin PBXSourcesBuildPhase section */
		2952EDBA23CD955C00B91595 /* Sources */ = {
			isa = PBXSourcesBuildPhase;
			buildActionMask = 2147483647;
			files = (
				2950D82423D06081007A29EC /* ChatVC.swift in Sources */,
				2952EDD423CD976A00B91595 /* SignUpVC.swift in Sources */,
				2950D81A23D049F7007A29EC /* ChatRoomsVC.swift in Sources */,
				2950D82623D09E4E007A29EC /* ChatTableViewCell.swift in Sources */,
				2950D82223D05788007A29EC /* Room.swift in Sources */,
				2950D81D23D04BFC007A29EC /* Reload.swift in Sources */,
				2952EDC223CD955D00B91595 /* AppDelegate.swift in Sources */,
				2950D82A23D0A2AB007A29EC /* Message.swift in Sources */,
				2952EDD723CD985C00B91595 /* LoginVC.swift in Sources */,
				2960876C23CEC393004BAE6C /* NavBar.swift in Sources */,
			);
			runOnlyForDeploymentPostprocessing = 0;
		};
/* End PBXSourcesBuildPhase section */

/* Begin PBXVariantGroup section */
		2952EDC523CD955D00B91595 /* Main.storyboard */ = {
			isa = PBXVariantGroup;
			children = (
				2952EDC623CD955D00B91595 /* Base */,
			);
			name = Main.storyboard;
			sourceTree = "<group>";
		};
		2952EDCA23CD955E00B91595 /* LaunchScreen.storyboard */ = {
			isa = PBXVariantGroup;
			children = (
				2952EDCB23CD955E00B91595 /* Base */,
			);
			name = LaunchScreen.storyboard;
			sourceTree = "<group>";
		};
/* End PBXVariantGroup section */

/* Begin XCBuildConfiguration section */
		2952EDCE23CD955E00B91595 /* Debug */ = {
			isa = XCBuildConfiguration;
			buildSettings = {
				ALWAYS_SEARCH_USER_PATHS = NO;
				CLANG_ANALYZER_NONNULL = YES;
				CLANG_ANALYZER_NUMBER_OBJECT_CONVERSION = YES_AGGRESSIVE;
				CLANG_CXX_LANGUAGE_STANDARD = "gnu++14";
				CLANG_CXX_LIBRARY = "libc++";
				CLANG_ENABLE_MODULES = YES;
				CLANG_ENABLE_OBJC_ARC = YES;
				CLANG_ENABLE_OBJC_WEAK = YES;
				CLANG_WARN_BLOCK_CAPTURE_AUTORELEASING = YES;
				CLANG_WARN_BOOL_CONVERSION = YES;
				CLANG_WARN_COMMA = YES;
				CLANG_WARN_CONSTANT_CONVERSION = YES;
				CLANG_WARN_DEPRECATED_OBJC_IMPLEMENTATIONS = YES;
				CLANG_WARN_DIRECT_OBJC_ISA_USAGE = YES_ERROR;
				CLANG_WARN_DOCUMENTATION_COMMENTS = YES;
				CLANG_WARN_EMPTY_BODY = YES;
				CLANG_WARN_ENUM_CONVERSION = YES;
				CLANG_WARN_INFINITE_RECURSION = YES;
				CLANG_WARN_INT_CONVERSION = YES;
				CLANG_WARN_NON_LITERAL_NULL_CONVERSION = YES;
				CLANG_WARN_OBJC_IMPLICIT_RETAIN_SELF = YES;
				CLANG_WARN_OBJC_LITERAL_CONVERSION = YES;
				CLANG_WARN_OBJC_ROOT_CLASS = YES_ERROR;
				CLANG_WARN_RANGE_LOOP_ANALYSIS = YES;
				CLANG_WARN_STRICT_PROTOTYPES = YES;
				CLANG_WARN_SUSPICIOUS_MOVE = YES;
				CLANG_WARN_UNGUARDED_AVAILABILITY = YES_AGGRESSIVE;
				CLANG_WARN_UNREACHABLE_CODE = YES;
				CLANG_WARN__DUPLICATE_METHOD_MATCH = YES;
				CODE_SIGN_IDENTITY = "iPhone Developer";
				COPY_PHASE_STRIP = NO;
				DEBUG_INFORMATION_FORMAT = dwarf;
				ENABLE_STRICT_OBJC_MSGSEND = YES;
				ENABLE_TESTABILITY = YES;
				GCC_C_LANGUAGE_STANDARD = gnu11;
				GCC_DYNAMIC_NO_PIC = NO;
				GCC_NO_COMMON_BLOCKS = YES;
				GCC_OPTIMIZATION_LEVEL = 0;
				GCC_PREPROCESSOR_DEFINITIONS = (
					"DEBUG=1",
					"$(inherited)",
				);
				GCC_WARN_64_TO_32_BIT_CONVERSION = YES;
				GCC_WARN_ABOUT_RETURN_TYPE = YES_ERROR;
				GCC_WARN_UNDECLARED_SELECTOR = YES;
				GCC_WARN_UNINITIALIZED_AUTOS = YES_AGGRESSIVE;
				GCC_WARN_UNUSED_FUNCTION = YES;
				GCC_WARN_UNUSED_VARIABLE = YES;
				IPHONEOS_DEPLOYMENT_TARGET = 12.1;
				MTL_ENABLE_DEBUG_INFO = INCLUDE_SOURCE;
				MTL_FAST_MATH = YES;
				ONLY_ACTIVE_ARCH = YES;
				SDKROOT = iphoneos;
				SWIFT_ACTIVE_COMPILATION_CONDITIONS = DEBUG;
				SWIFT_OPTIMIZATION_LEVEL = "-Onone";
			};
			name = Debug;
		};
		2952EDCF23CD955E00B91595 /* Release */ = {
			isa = XCBuildConfiguration;
			buildSettings = {
				ALWAYS_SEARCH_USER_PATHS = NO;
				CLANG_ANALYZER_NONNULL = YES;
				CLANG_ANALYZER_NUMBER_OBJECT_CONVERSION = YES_AGGRESSIVE;
				CLANG_CXX_LANGUAGE_STANDARD = "gnu++14";
				CLANG_CXX_LIBRARY = "libc++";
				CLANG_ENABLE_MODULES = YES;
				CLANG_ENABLE_OBJC_ARC = YES;
				CLANG_ENABLE_OBJC_WEAK = YES;
				CLANG_WARN_BLOCK_CAPTURE_AUTORELEASING = YES;
				CLANG_WARN_BOOL_CONVERSION = YES;
				CLANG_WARN_COMMA = YES;
				CLANG_WARN_CONSTANT_CONVERSION = YES;
				CLANG_WARN_DEPRECATED_OBJC_IMPLEMENTATIONS = YES;
				CLANG_WARN_DIRECT_OBJC_ISA_USAGE = YES_ERROR;
				CLANG_WARN_DOCUMENTATION_COMMENTS = YES;
				CLANG_WARN_EMPTY_BODY = YES;
				CLANG_WARN_ENUM_CONVERSION = YES;
				CLANG_WARN_INFINITE_RECURSION = YES;
				CLANG_WARN_INT_CONVERSION = YES;
				CLANG_WARN_NON_LITERAL_NULL_CONVERSION = YES;
				CLANG_WARN_OBJC_IMPLICIT_RETAIN_SELF = YES;
				CLANG_WARN_OBJC_LITERAL_CONVERSION = YES;
				CLANG_WARN_OBJC_ROOT_CLASS = YES_ERROR;
				CLANG_WARN_RANGE_LOOP_ANALYSIS = YES;
				CLANG_WARN_STRICT_PROTOTYPES = YES;
				CLANG_WARN_SUSPICIOUS_MOVE = YES;
				CLANG_WARN_UNGUARDED_AVAILABILITY = YES_AGGRESSIVE;
				CLANG_WARN_UNREACHABLE_CODE = YES;
				CLANG_WARN__DUPLICATE_METHOD_MATCH = YES;
				CODE_SIGN_IDENTITY = "iPhone Developer";
				COPY_PHASE_STRIP = NO;
				DEBUG_INFORMATION_FORMAT = "dwarf-with-dsym";
				ENABLE_NS_ASSERTIONS = NO;
				ENABLE_STRICT_OBJC_MSGSEND = YES;
				GCC_C_LANGUAGE_STANDARD = gnu11;
				GCC_NO_COMMON_BLOCKS = YES;
				GCC_WARN_64_TO_32_BIT_CONVERSION = YES;
				GCC_WARN_ABOUT_RETURN_TYPE = YES_ERROR;
				GCC_WARN_UNDECLARED_SELECTOR = YES;
				GCC_WARN_UNINITIALIZED_AUTOS = YES_AGGRESSIVE;
				GCC_WARN_UNUSED_FUNCTION = YES;
				GCC_WARN_UNUSED_VARIABLE = YES;
				IPHONEOS_DEPLOYMENT_TARGET = 12.1;
				MTL_ENABLE_DEBUG_INFO = NO;
				MTL_FAST_MATH = YES;
				SDKROOT = iphoneos;
				SWIFT_COMPILATION_MODE = wholemodule;
				SWIFT_OPTIMIZATION_LEVEL = "-O";
				VALIDATE_PRODUCT = YES;
			};
			name = Release;
		};
		2952EDD123CD955E00B91595 /* Debug */ = {
			isa = XCBuildConfiguration;
			baseConfigurationReference = 5E37296773C81D69B857A958 /* Pods-EasyChat.debug.xcconfig */;
			buildSettings = {
				ASSETCATALOG_COMPILER_APPICON_NAME = AppIcon;
				CODE_SIGN_STYLE = Automatic;
				DEVELOPMENT_TEAM = V3R3H9N6S6;
				INFOPLIST_FILE = EasyChat/Info.plist;
				LD_RUNPATH_SEARCH_PATHS = (
					"$(inherited)",
					"@executable_path/Frameworks",
				);
				PRODUCT_BUNDLE_IDENTIFIER = com.miroz007.EasyChat;
				PRODUCT_NAME = "$(TARGET_NAME)";
				SWIFT_VERSION = 4.2;
				TARGETED_DEVICE_FAMILY = "1,2";
			};
			name = Debug;
		};
		2952EDD223CD955E00B91595 /* Release */ = {
			isa = XCBuildConfiguration;
			baseConfigurationReference = 5C33472FAE0868FC26F9C10D /* Pods-EasyChat.release.xcconfig */;
			buildSettings = {
				ASSETCATALOG_COMPILER_APPICON_NAME = AppIcon;
				CODE_SIGN_STYLE = Automatic;
				DEVELOPMENT_TEAM = V3R3H9N6S6;
				INFOPLIST_FILE = EasyChat/Info.plist;
				LD_RUNPATH_SEARCH_PATHS = (
					"$(inherited)",
					"@executable_path/Frameworks",
				);
				PRODUCT_BUNDLE_IDENTIFIER = com.miroz007.EasyChat;
				PRODUCT_NAME = "$(TARGET_NAME)";
				SWIFT_VERSION = 4.2;
				TARGETED_DEVICE_FAMILY = "1,2";
			};
			name = Release;
		};
/* End XCBuildConfiguration section */

/* Begin XCConfigurationList section */
		2952EDB923CD955C00B91595 /* Build configuration list for PBXProject "EasyChat" */ = {
			isa = XCConfigurationList;
			buildConfigurations = (
				2952EDCE23CD955E00B91595 /* Debug */,
				2952EDCF23CD955E00B91595 /* Release */,
			);
			defaultConfigurationIsVisible = 0;
			defaultConfigurationName = Release;
		};
		2952EDD023CD955E00B91595 /* Build configuration list for PBXNativeTarget "EasyChat" */ = {
			isa = XCConfigurationList;
			buildConfigurations = (
				2952EDD123CD955E00B91595 /* Debug */,
				2952EDD223CD955E00B91595 /* Release */,
			);
			defaultConfigurationIsVisible = 0;
			defaultConfigurationName = Release;
		};
/* End XCConfigurationList section */
	};
	rootObject = 2952EDB623CD955C00B91595 /* Project object */;
}
